
Microsoft Visual Studio Solution File, Format Version 12.00
# Visual Studio 15
VisualStudioVersion = 15.0.27703.2042
MinimumVisualStudioVersion = 10.0.40219.1
Project("{FAE04EC0-301F-11D3-BF4B-00C04F79EFBC}") = "myFirstAzureWebApp", "myFirstAzureWebApp\myFirstAzureWebApp.csproj", "{3D033AAD-CD01-4E55-BCFD-64238C0B1C93}"
EndProject
Global
	GlobalSection(SolutionConfigurationPlatforms) = preSolution
		Debug|Any CPU = Debug|Any CPU
		Release|Any CPU = Release|Any CPU
	EndGlobalSection
	GlobalSection(ProjectConfigurationPlatforms) = postSolution
		{3D033AAD-CD01-4E55-BCFD-64238C0B1C93}.Debug|Any CPU.ActiveCfg = Debug|Any CPU
		{3D033AAD-CD01-4E55-BCFD-64238C0B1C93}.Debug|Any CPU.Build.0 = Debug|Any CPU
		{3D033AAD-CD01-4E55-BCFD-64238C0B1C93}.Release|Any CPU.ActiveCfg = Release|Any CPU
		{3D033AAD-CD01-4E55-BCFD-64238C0B1C93}.Release|Any CPU.Build.0 = Release|Any CPU
	EndGlobalSection
	GlobalSection(SolutionProperties) = preSolution
		HideSolutionNode = FALSE
	EndGlobalSection
	GlobalSection(ExtensibilityGlobals) = postSolution
		SolutionGuid = {2E1D7BDF-CDEC-4AFD-99F2-73F5A3F773B7}
	EndGlobalSection
EndGlobal
